{
  "version": 4,
  "terraform_version": "1.10.4",
  "serial": 18,
  "lineage": "20f13ef9-118b-4050-ddc6-6fc3a82b030c",
  "outputs": {
    "iam_role_arn": {
      "value": "arn:aws:iam::491085414522:role/thgbin-ec2-role",
      "type": "string"
    },
    "iam_role_name": {
      "value": "thgbin-ec2-role",
      "type": "string"
    },
    "s3_bucket_arn": {
      "value": "arn:aws:s3:::thgbin-bucket",
      "type": "string"
    },
    "s3_bucket_name": {
      "value": "thgbin-bucket",
      "type": "string"
    }
  },
  "resources": [
    {
      "mode": "managed",
      "type": "aws_iam_policy",
      "name": "thgbin_policy",
      "provider": "provider[\"registry.terraform.io/hashicorp/aws\"]",
      "instances": [
        {
          "schema_version": 0,
          "attributes": {
            "arn": "arn:aws:iam::491085414522:policy/thgbin_s3_policy",
            "attachment_count": 1,
            "description": "Policy to allow EC2 access to S3 bucket",
            "id": "arn:aws:iam::491085414522:policy/thgbin_s3_policy",
            "name": "thgbin_s3_policy",
            "name_prefix": "",
            "path": "/",
            "policy": "{\"Statement\":[{\"Action\":[\"s3:GetObject\",\"s3:PutObject\",\"s3:DeleteObject\"],\"Effect\":\"Allow\",\"Resource\":[\"arn:aws:s3:::thgbin-bucket\",\"arn:aws:s3:::thgbin-bucket/*\"]}],\"Version\":\"2012-10-17\"}",
            "policy_id": "ANPAXEVXYYB5PUVTNAT2S",
            "tags": {},
            "tags_all": {}
          },
          "sensitive_attributes": [],
          "private": "bnVsbA=="
        }
      ]
    },
    {
      "mode": "managed",
      "type": "aws_iam_role",
      "name": "thgbin_ec2",
      "provider": "provider[\"registry.terraform.io/hashicorp/aws\"]",
      "instances": [
        {
          "schema_version": 0,
          "attributes": {
            "arn": "arn:aws:iam::491085414522:role/thgbin-ec2-role",
            "assume_role_policy": "{\"Statement\":[{\"Action\":\"sts:AssumeRole\",\"Effect\":\"Allow\",\"Principal\":{\"Service\":\"ec2.amazonaws.com\"}}],\"Version\":\"2012-10-17\"}",
            "create_date": "2025-01-16T13:30:48Z",
            "description": "",
            "force_detach_policies": false,
            "id": "thgbin-ec2-role",
            "inline_policy": [],
            "managed_policy_arns": [
              "arn:aws:iam::491085414522:policy/thgbin_s3_policy"
            ],
            "max_session_duration": 3600,
            "name": "thgbin-ec2-role",
            "name_prefix": "",
            "path": "/",
            "permissions_boundary": "",
            "tags": {},
            "tags_all": {},
            "unique_id": "AROAXEVXYYB5EDO4M2FJ3"
          },
          "sensitive_attributes": [],
          "private": "bnVsbA=="
        }
      ]
    },
    {
      "mode": "managed",
      "type": "aws_iam_role_policy_attachment",
      "name": "attach_policy",
      "provider": "provider[\"registry.terraform.io/hashicorp/aws\"]",
      "instances": [
        {
          "schema_version": 0,
          "attributes": {
            "id": "thgbin-ec2-role-20250116140211831000000001",
            "policy_arn": "arn:aws:iam::491085414522:policy/thgbin_s3_policy",
            "role": "thgbin-ec2-role"
          },
          "sensitive_attributes": [],
          "private": "bnVsbA==",
          "dependencies": [
            "aws_iam_policy.thgbin_policy",
            "aws_iam_role.thgbin_ec2"
          ]
        }
      ]
    },
    {
      "mode": "managed",
      "type": "aws_s3_bucket",
      "name": "thgbin_bucket",
      "provider": "provider[\"registry.terraform.io/hashicorp/aws\"]",
      "instances": [
        {
          "schema_version": 0,
          "attributes": {
            "acceleration_status": "",
            "acl": null,
            "arn": "arn:aws:s3:::thgbin-bucket",
            "bucket": "thgbin-bucket",
            "bucket_domain_name": "thgbin-bucket.s3.amazonaws.com",
            "bucket_prefix": "",
            "bucket_regional_domain_name": "thgbin-bucket.s3.eu-west-2.amazonaws.com",
            "cors_rule": [],
            "force_destroy": false,
            "grant": [
              {
                "id": "c4acc9ab691ac6cd129be746ef3df704bddfa3fc4b011ab6eb7b5ae7671e71be",
                "permissions": [
                  "FULL_CONTROL"
                ],
                "type": "CanonicalUser",
                "uri": ""
              }
            ],
            "hosted_zone_id": "Z3GKZC51ZF0DB4",
            "id": "thgbin-bucket",
            "lifecycle_rule": [],
            "logging": [],
            "object_lock_configuration": [],
            "object_lock_enabled": false,
            "policy": "",
            "region": "eu-west-2",
            "replication_configuration": [],
            "request_payer": "BucketOwner",
            "server_side_encryption_configuration": [
              {
                "rule": [
                  {
                    "apply_server_side_encryption_by_default": [
                      {
                        "kms_master_key_id": "",
                        "sse_algorithm": "AES256"
                      }
                    ],
                    "bucket_key_enabled": false
                  }
                ]
              }
            ],
            "tags": {
              "Name": "S3 Bucket THGBIN"
            },
            "tags_all": {
              "Name": "S3 Bucket THGBIN"
            },
            "timeouts": null,
            "versioning": [
              {
                "enabled": false,
                "mfa_delete": false
              }
            ],
            "website": [],
            "website_domain": null,
            "website_endpoint": null
          },
          "sensitive_attributes": [],
          "private": "eyJlMmJmYjczMC1lY2FhLTExZTYtOGY4OC0zNDM2M2JjN2M0YzAiOnsiY3JlYXRlIjoxMjAwMDAwMDAwMDAwLCJkZWxldGUiOjM2MDAwMDAwMDAwMDAsInJlYWQiOjEyMDAwMDAwMDAwMDAsInVwZGF0ZSI6MTIwMDAwMDAwMDAwMH19"
        }
      ]
    },
    {
      "mode": "managed",
      "type": "aws_s3_bucket_public_access_block",
      "name": "thgbin_public_access",
      "provider": "provider[\"registry.terraform.io/hashicorp/aws\"]",
      "instances": [
        {
          "schema_version": 0,
          "attributes": {
            "block_public_acls": true,
            "block_public_policy": true,
            "bucket": "thgbin-bucket",
            "id": "thgbin-bucket",
            "ignore_public_acls": true,
            "restrict_public_buckets": true
          },
          "sensitive_attributes": [],
          "private": "bnVsbA==",
          "dependencies": [
            "aws_s3_bucket.thgbin_bucket"
          ]
        }
      ]
    }
  ],
  "check_results": null
}
